// !$*UTF8*$!
{
	archiveVersion = 1;
	classes = {
	};
	objectVersion = 46;
	objects = {

/* Begin PBXBuildFile section */
		182B5AC51F2E7ABE00C901E8 /* Messages.framework in Frameworks */ = {isa = PBXBuildFile; fileRef = 188F23321F2957F8007B9F20 /* Messages.framework */; };
		187EC0A21F2EBBA400F326E3 /* Constants.swift in Sources */ = {isa = PBXBuildFile; fileRef = 187EC0A11F2EBBA400F326E3 /* Constants.swift */; };
		1881BC001F2D015B0070C1F4 /* CommonCardTableViewCell.xib in Resources */ = {isa = PBXBuildFile; fileRef = 1881BBFF1F2D015B0070C1F4 /* CommonCardTableViewCell.xib */; };
		1881BC021F2D016C0070C1F4 /* CommonCardTableViewCell.swift in Sources */ = {isa = PBXBuildFile; fileRef = 1881BC011F2D016C0070C1F4 /* CommonCardTableViewCell.swift */; };
		1881BC041F2D028D0070C1F4 /* Card.swift in Sources */ = {isa = PBXBuildFile; fileRef = 1881BC031F2D028D0070C1F4 /* Card.swift */; };
		1881BC061F2D03890070C1F4 /* Template.swift in Sources */ = {isa = PBXBuildFile; fileRef = 1881BC051F2D03890070C1F4 /* Template.swift */; };
		188E9E641F2FE23500598710 /* CardReceivedViewController.swift in Sources */ = {isa = PBXBuildFile; fileRef = 188E9E631F2FE23500598710 /* CardReceivedViewController.swift */; };
		188E9E671F2FF9DC00598710 /* Assets.xcassets in Resources */ = {isa = PBXBuildFile; fileRef = B6A28A6B1F27DF4300786B97 /* Assets.xcassets */; };
		188F23231F290F80007B9F20 /* CardsSceneStoryboard.storyboard in Resources */ = {isa = PBXBuildFile; fileRef = 188F23221F290F80007B9F20 /* CardsSceneStoryboard.storyboard */; };
		188F23251F2914F7007B9F20 /* CardsViewController.swift in Sources */ = {isa = PBXBuildFile; fileRef = 188F23241F2914F7007B9F20 /* CardsViewController.swift */; };
		188F23271F291607007B9F20 /* CardTableViewCell.swift in Sources */ = {isa = PBXBuildFile; fileRef = 188F23261F291607007B9F20 /* CardTableViewCell.swift */; };
		188F23361F2957F8007B9F20 /* MessagesViewController.swift in Sources */ = {isa = PBXBuildFile; fileRef = 188F23351F2957F8007B9F20 /* MessagesViewController.swift */; };
		188F23391F2957F8007B9F20 /* MainInterface.storyboard in Resources */ = {isa = PBXBuildFile; fileRef = 188F23371F2957F8007B9F20 /* MainInterface.storyboard */; };
		188F233B1F2957F8007B9F20 /* Assets.xcassets in Resources */ = {isa = PBXBuildFile; fileRef = 188F233A1F2957F8007B9F20 /* Assets.xcassets */; };
		188F233F1F2957F8007B9F20 /* MessagesExtension.appex in Embed App Extensions */ = {isa = PBXBuildFile; fileRef = 188F23301F2957F8007B9F20 /* MessagesExtension.appex */; settings = {ATTRIBUTES = (RemoveHeadersOnCopy, ); }; };
		188F23441F2959F7007B9F20 /* Assets.xcassets in Resources */ = {isa = PBXBuildFile; fileRef = B6A28A6B1F27DF4300786B97 /* Assets.xcassets */; };
		18B376FB1F2D499100FC6A91 /* SharedExecUDek.framework in Frameworks */ = {isa = PBXBuildFile; fileRef = 18B70A011F2985B5002DDB17 /* SharedExecUDek.framework */; };
		18B709F71F296F60002DDB17 /* EXTCardTableViewCell.swift in Sources */ = {isa = PBXBuildFile; fileRef = 18B709F61F296F60002DDB17 /* EXTCardTableViewCell.swift */; };
		18B709F91F296FA0002DDB17 /* EXTCardsCompactViewController.swift in Sources */ = {isa = PBXBuildFile; fileRef = 18B709F81F296FA0002DDB17 /* EXTCardsCompactViewController.swift */; };
		18B70A051F2985B5002DDB17 /* SharedExecUDek.h in Headers */ = {isa = PBXBuildFile; fileRef = 18B70A031F2985B5002DDB17 /* SharedExecUDek.h */; settings = {ATTRIBUTES = (Public, ); }; };
		18B70A081F2985B5002DDB17 /* SharedExecUDek.framework in Frameworks */ = {isa = PBXBuildFile; fileRef = 18B70A011F2985B5002DDB17 /* SharedExecUDek.framework */; };
		18B70A091F2985B5002DDB17 /* SharedExecUDek.framework in Embed Frameworks */ = {isa = PBXBuildFile; fileRef = 18B70A011F2985B5002DDB17 /* SharedExecUDek.framework */; settings = {ATTRIBUTES = (CodeSignOnCopy, RemoveHeadersOnCopy, ); }; };
		18B9C6AF1F2D2CAC00F7BB03 /* UIViewToPNG.swift in Sources */ = {isa = PBXBuildFile; fileRef = 18B9C6AE1F2D2CAC00F7BB03 /* UIViewToPNG.swift */; };
		18B9C6B11F2D2CB900F7BB03 /* CardController.swift in Sources */ = {isa = PBXBuildFile; fileRef = 18B9C6B01F2D2CB900F7BB03 /* CardController.swift */; };
		18B9C6B31F2D2CC100F7BB03 /* PersonController.swift in Sources */ = {isa = PBXBuildFile; fileRef = 18B9C6B21F2D2CC100F7BB03 /* PersonController.swift */; };
		18B9C6B51F2D2CCB00F7BB03 /* CloudKitController.swift in Sources */ = {isa = PBXBuildFile; fileRef = 18B9C6B41F2D2CCB00F7BB03 /* CloudKitController.swift */; };
		18B9C6B71F2D2CF500F7BB03 /* Person.swift in Sources */ = {isa = PBXBuildFile; fileRef = 18B9C6B61F2D2CF500F7BB03 /* Person.swift */; };
		18ED1F111F30F0BF00F67DB6 /* MessageController.swift in Sources */ = {isa = PBXBuildFile; fileRef = 18ED1F101F30F0BF00F67DB6 /* MessageController.swift */; };
		B6459F4F1F314876000DD526 /* UIViewToPNG.swift in Sources */ = {isa = PBXBuildFile; fileRef = 18B9C6AE1F2D2CAC00F7BB03 /* UIViewToPNG.swift */; };
		B6459F511F314C62000DD526 /* EmailViewController.swift in Sources */ = {isa = PBXBuildFile; fileRef = B6459F501F314C62000DD526 /* EmailViewController.swift */; };
		B6A28A621F27DF4300786B97 /* AppDelegate.swift in Sources */ = {isa = PBXBuildFile; fileRef = B6A28A611F27DF4300786B97 /* AppDelegate.swift */; };
		B6A28A671F27DF4300786B97 /* Main.storyboard in Resources */ = {isa = PBXBuildFile; fileRef = B6A28A651F27DF4300786B97 /* Main.storyboard */; };
		B6A28A6A1F27DF4300786B97 /* ExecUDek.xcdatamodeld in Sources */ = {isa = PBXBuildFile; fileRef = B6A28A681F27DF4300786B97 /* ExecUDek.xcdatamodeld */; };
		B6A28A6C1F27DF4300786B97 /* Assets.xcassets in Resources */ = {isa = PBXBuildFile; fileRef = B6A28A6B1F27DF4300786B97 /* Assets.xcassets */; };
		B6A28A6F1F27DF4300786B97 /* LaunchScreen.storyboard in Resources */ = {isa = PBXBuildFile; fileRef = B6A28A6D1F27DF4300786B97 /* LaunchScreen.storyboard */; };
		B6A28AA01F2925C000786B97 /* MultiPeerConnectivity.swift in Sources */ = {isa = PBXBuildFile; fileRef = B6A28A9F1F2925C000786B97 /* MultiPeerConnectivity.swift */; };
		F003898B1F28FEED00CBEDCF /* CardTemplateTableViewController.swift in Sources */ = {isa = PBXBuildFile; fileRef = F003898A1F28FEED00CBEDCF /* CardTemplateTableViewController.swift */; };
		F04EDF081F2FC9CD00E8DB82 /* StringFormatter.swift in Sources */ = {isa = PBXBuildFile; fileRef = F04EDF071F2FC9CD00E8DB82 /* StringFormatter.swift */; };
		F05962621F299C65002C967B /* UserProfileTableViewController.swift in Sources */ = {isa = PBXBuildFile; fileRef = F05962611F299C65002C967B /* UserProfileTableViewController.swift */; };
		F05962641F299D18002C967B /* UserProfile.storyboard in Resources */ = {isa = PBXBuildFile; fileRef = F05962631F299D18002C967B /* UserProfile.storyboard */; };
		F06281A71F28F15800106424 /* CardTemplate.storyboard in Resources */ = {isa = PBXBuildFile; fileRef = F06281A61F28F15800106424 /* CardTemplate.storyboard */; };
		F0B3491F1F3227A2002D8163 /* CloudKit.framework in Frameworks */ = {isa = PBXBuildFile; fileRef = F0B3491E1F3227A2002D8163 /* CloudKit.framework */; };
		F0C8BA8B1F2A383F00B9E0DA /* UserProfileTableViewCell.swift in Sources */ = {isa = PBXBuildFile; fileRef = F0C8BA8A1F2A383F00B9E0DA /* UserProfileTableViewCell.swift */; };
/* End PBXBuildFile section */

/* Begin PBXContainerItemProxy section */
		188F233D1F2957F8007B9F20 /* PBXContainerItemProxy */ = {
			isa = PBXContainerItemProxy;
			containerPortal = B6A28A561F27DF4300786B97 /* Project object */;
			proxyType = 1;
			remoteGlobalIDString = 188F232F1F2957F8007B9F20;
			remoteInfo = MessagesExtension;
		};
		18B70A061F2985B5002DDB17 /* PBXContainerItemProxy */ = {
			isa = PBXContainerItemProxy;
			containerPortal = B6A28A561F27DF4300786B97 /* Project object */;
			proxyType = 1;
			remoteGlobalIDString = 18B70A001F2985B5002DDB17;
			remoteInfo = SharedExecUDek;
		};
/* End PBXContainerItemProxy section */

/* Begin PBXCopyFilesBuildPhase section */
		188F23431F2957F8007B9F20 /* Embed App Extensions */ = {
			isa = PBXCopyFilesBuildPhase;
			buildActionMask = 2147483647;
			dstPath = "";
			dstSubfolderSpec = 13;
			files = (
				188F233F1F2957F8007B9F20 /* MessagesExtension.appex in Embed App Extensions */,
			);
			name = "Embed App Extensions";
			runOnlyForDeploymentPostprocessing = 0;
		};
		18B70A0D1F2985B5002DDB17 /* Embed Frameworks */ = {
			isa = PBXCopyFilesBuildPhase;
			buildActionMask = 2147483647;
			dstPath = "";
			dstSubfolderSpec = 10;
			files = (
				18B70A091F2985B5002DDB17 /* SharedExecUDek.framework in Embed Frameworks */,
			);
			name = "Embed Frameworks";
			runOnlyForDeploymentPostprocessing = 0;
		};
/* End PBXCopyFilesBuildPhase section */

/* Begin PBXFileReference section */
		182143191F2AB89200CCF3B5 /* ExecUDek.entitlements */ = {isa = PBXFileReference; lastKnownFileType = text.plist.entitlements; path = ExecUDek.entitlements; sourceTree = "<group>"; };
		182B5AC61F2E834900C901E8 /* MessagesExtension.entitlements */ = {isa = PBXFileReference; lastKnownFileType = text.plist.entitlements; path = MessagesExtension.entitlements; sourceTree = "<group>"; };
		187EC0A11F2EBBA400F326E3 /* Constants.swift */ = {isa = PBXFileReference; fileEncoding = 4; lastKnownFileType = sourcecode.swift; path = Constants.swift; sourceTree = "<group>"; };
		1881BBFF1F2D015B0070C1F4 /* CommonCardTableViewCell.xib */ = {isa = PBXFileReference; fileEncoding = 4; lastKnownFileType = file.xib; path = CommonCardTableViewCell.xib; sourceTree = "<group>"; };
		1881BC011F2D016C0070C1F4 /* CommonCardTableViewCell.swift */ = {isa = PBXFileReference; fileEncoding = 4; lastKnownFileType = sourcecode.swift; path = CommonCardTableViewCell.swift; sourceTree = "<group>"; };
		1881BC031F2D028D0070C1F4 /* Card.swift */ = {isa = PBXFileReference; fileEncoding = 4; lastKnownFileType = sourcecode.swift; path = Card.swift; sourceTree = "<group>"; };
		1881BC051F2D03890070C1F4 /* Template.swift */ = {isa = PBXFileReference; fileEncoding = 4; lastKnownFileType = sourcecode.swift; path = Template.swift; sourceTree = "<group>"; };
		188E9E631F2FE23500598710 /* CardReceivedViewController.swift */ = {isa = PBXFileReference; fileEncoding = 4; lastKnownFileType = sourcecode.swift; path = CardReceivedViewController.swift; sourceTree = "<group>"; };
		188F23221F290F80007B9F20 /* CardsSceneStoryboard.storyboard */ = {isa = PBXFileReference; fileEncoding = 4; lastKnownFileType = file.storyboard; path = CardsSceneStoryboard.storyboard; sourceTree = "<group>"; };
		188F23241F2914F7007B9F20 /* CardsViewController.swift */ = {isa = PBXFileReference; fileEncoding = 4; lastKnownFileType = sourcecode.swift; path = CardsViewController.swift; sourceTree = "<group>"; };
		188F23261F291607007B9F20 /* CardTableViewCell.swift */ = {isa = PBXFileReference; fileEncoding = 4; lastKnownFileType = sourcecode.swift; path = CardTableViewCell.swift; sourceTree = "<group>"; };
		188F23301F2957F8007B9F20 /* MessagesExtension.appex */ = {isa = PBXFileReference; explicitFileType = "wrapper.app-extension"; includeInIndex = 0; path = MessagesExtension.appex; sourceTree = BUILT_PRODUCTS_DIR; };
		188F23321F2957F8007B9F20 /* Messages.framework */ = {isa = PBXFileReference; lastKnownFileType = wrapper.framework; name = Messages.framework; path = System/Library/Frameworks/Messages.framework; sourceTree = SDKROOT; };
		188F23351F2957F8007B9F20 /* MessagesViewController.swift */ = {isa = PBXFileReference; lastKnownFileType = sourcecode.swift; path = MessagesViewController.swift; sourceTree = "<group>"; };
		188F23381F2957F8007B9F20 /* Base */ = {isa = PBXFileReference; lastKnownFileType = file.storyboard; name = Base; path = Base.lproj/MainInterface.storyboard; sourceTree = "<group>"; };
		188F233A1F2957F8007B9F20 /* Assets.xcassets */ = {isa = PBXFileReference; lastKnownFileType = folder.assetcatalog; path = Assets.xcassets; sourceTree = "<group>"; };
		188F233C1F2957F8007B9F20 /* Info.plist */ = {isa = PBXFileReference; lastKnownFileType = text.plist.xml; path = Info.plist; sourceTree = "<group>"; };
		18B709F61F296F60002DDB17 /* EXTCardTableViewCell.swift */ = {isa = PBXFileReference; fileEncoding = 4; lastKnownFileType = sourcecode.swift; path = EXTCardTableViewCell.swift; sourceTree = "<group>"; };
		18B709F81F296FA0002DDB17 /* EXTCardsCompactViewController.swift */ = {isa = PBXFileReference; fileEncoding = 4; lastKnownFileType = sourcecode.swift; path = EXTCardsCompactViewController.swift; sourceTree = "<group>"; };
		18B70A011F2985B5002DDB17 /* SharedExecUDek.framework */ = {isa = PBXFileReference; explicitFileType = wrapper.framework; includeInIndex = 0; path = SharedExecUDek.framework; sourceTree = BUILT_PRODUCTS_DIR; };
		18B70A031F2985B5002DDB17 /* SharedExecUDek.h */ = {isa = PBXFileReference; lastKnownFileType = sourcecode.c.h; path = SharedExecUDek.h; sourceTree = "<group>"; };
		18B70A041F2985B5002DDB17 /* Info.plist */ = {isa = PBXFileReference; lastKnownFileType = text.plist.xml; path = Info.plist; sourceTree = "<group>"; };
		18B9C6AE1F2D2CAC00F7BB03 /* UIViewToPNG.swift */ = {isa = PBXFileReference; fileEncoding = 4; lastKnownFileType = sourcecode.swift; path = UIViewToPNG.swift; sourceTree = "<group>"; };
		18B9C6B01F2D2CB900F7BB03 /* CardController.swift */ = {isa = PBXFileReference; fileEncoding = 4; lastKnownFileType = sourcecode.swift; path = CardController.swift; sourceTree = "<group>"; };
		18B9C6B21F2D2CC100F7BB03 /* PersonController.swift */ = {isa = PBXFileReference; fileEncoding = 4; lastKnownFileType = sourcecode.swift; path = PersonController.swift; sourceTree = "<group>"; };
		18B9C6B41F2D2CCB00F7BB03 /* CloudKitController.swift */ = {isa = PBXFileReference; fileEncoding = 4; lastKnownFileType = sourcecode.swift; path = CloudKitController.swift; sourceTree = "<group>"; };
		18B9C6B61F2D2CF500F7BB03 /* Person.swift */ = {isa = PBXFileReference; fileEncoding = 4; lastKnownFileType = sourcecode.swift; path = Person.swift; sourceTree = "<group>"; };
		18ED1F101F30F0BF00F67DB6 /* MessageController.swift */ = {isa = PBXFileReference; fileEncoding = 4; lastKnownFileType = sourcecode.swift; path = MessageController.swift; sourceTree = "<group>"; };
		B6459F501F314C62000DD526 /* EmailViewController.swift */ = {isa = PBXFileReference; fileEncoding = 4; lastKnownFileType = sourcecode.swift; path = EmailViewController.swift; sourceTree = "<group>"; };
		B6A28A5E1F27DF4300786B97 /* ExecUDek.app */ = {isa = PBXFileReference; explicitFileType = wrapper.application; includeInIndex = 0; path = ExecUDek.app; sourceTree = BUILT_PRODUCTS_DIR; };
		B6A28A611F27DF4300786B97 /* AppDelegate.swift */ = {isa = PBXFileReference; lastKnownFileType = sourcecode.swift; path = AppDelegate.swift; sourceTree = "<group>"; };
		B6A28A661F27DF4300786B97 /* Base */ = {isa = PBXFileReference; lastKnownFileType = file.storyboard; name = Base; path = Base.lproj/Main.storyboard; sourceTree = "<group>"; };
		B6A28A691F27DF4300786B97 /* ExecUDek.xcdatamodel */ = {isa = PBXFileReference; lastKnownFileType = wrapper.xcdatamodel; path = ExecUDek.xcdatamodel; sourceTree = "<group>"; };
		B6A28A6B1F27DF4300786B97 /* Assets.xcassets */ = {isa = PBXFileReference; lastKnownFileType = folder.assetcatalog; path = Assets.xcassets; sourceTree = "<group>"; };
		B6A28A6E1F27DF4300786B97 /* Base */ = {isa = PBXFileReference; lastKnownFileType = file.storyboard; name = Base; path = Base.lproj/LaunchScreen.storyboard; sourceTree = "<group>"; };
		B6A28A701F27DF4300786B97 /* Info.plist */ = {isa = PBXFileReference; lastKnownFileType = text.plist.xml; path = Info.plist; sourceTree = "<group>"; };
		B6A28A9F1F2925C000786B97 /* MultiPeerConnectivity.swift */ = {isa = PBXFileReference; fileEncoding = 4; lastKnownFileType = sourcecode.swift; path = MultiPeerConnectivity.swift; sourceTree = "<group>"; };
		F003898A1F28FEED00CBEDCF /* CardTemplateTableViewController.swift */ = {isa = PBXFileReference; fileEncoding = 4; lastKnownFileType = sourcecode.swift; path = CardTemplateTableViewController.swift; sourceTree = "<group>"; };
		F04EDF071F2FC9CD00E8DB82 /* StringFormatter.swift */ = {isa = PBXFileReference; fileEncoding = 4; lastKnownFileType = sourcecode.swift; path = StringFormatter.swift; sourceTree = "<group>"; };
		F05962611F299C65002C967B /* UserProfileTableViewController.swift */ = {isa = PBXFileReference; fileEncoding = 4; lastKnownFileType = sourcecode.swift; path = UserProfileTableViewController.swift; sourceTree = "<group>"; };
		F05962631F299D18002C967B /* UserProfile.storyboard */ = {isa = PBXFileReference; fileEncoding = 4; lastKnownFileType = file.storyboard; path = UserProfile.storyboard; sourceTree = "<group>"; };
		F06281A61F28F15800106424 /* CardTemplate.storyboard */ = {isa = PBXFileReference; fileEncoding = 4; lastKnownFileType = file.storyboard; path = CardTemplate.storyboard; sourceTree = "<group>"; };
		F0B3491E1F3227A2002D8163 /* CloudKit.framework */ = {isa = PBXFileReference; lastKnownFileType = wrapper.framework; name = CloudKit.framework; path = System/Library/Frameworks/CloudKit.framework; sourceTree = SDKROOT; };
		F0C8BA8A1F2A383F00B9E0DA /* UserProfileTableViewCell.swift */ = {isa = PBXFileReference; fileEncoding = 4; lastKnownFileType = sourcecode.swift; path = UserProfileTableViewCell.swift; sourceTree = "<group>"; };
/* End PBXFileReference section */

/* Begin PBXFrameworksBuildPhase section */
		188F232D1F2957F8007B9F20 /* Frameworks */ = {
			isa = PBXFrameworksBuildPhase;
			buildActionMask = 2147483647;
			files = (
				182B5AC51F2E7ABE00C901E8 /* Messages.framework in Frameworks */,
				18B376FB1F2D499100FC6A91 /* SharedExecUDek.framework in Frameworks */,
			);
			runOnlyForDeploymentPostprocessing = 0;
		};
		18B709FD1F2985B5002DDB17 /* Frameworks */ = {
			isa = PBXFrameworksBuildPhase;
			buildActionMask = 2147483647;
			files = (
			);
			runOnlyForDeploymentPostprocessing = 0;
		};
		B6A28A5B1F27DF4300786B97 /* Frameworks */ = {
			isa = PBXFrameworksBuildPhase;
			buildActionMask = 2147483647;
			files = (
				18B70A081F2985B5002DDB17 /* SharedExecUDek.framework in Frameworks */,
				F0B3491F1F3227A2002D8163 /* CloudKit.framework in Frameworks */,
			);
			runOnlyForDeploymentPostprocessing = 0;
		};
/* End PBXFrameworksBuildPhase section */

/* Begin PBXGroup section */
		1821431A1F2AB90900CCF3B5 /* Frameworks */ = {
			isa = PBXGroup;
			children = (
			);
			name = Frameworks;
			sourceTree = "<group>";
		};
		1881BBF31F2CFE010070C1F4 /* View */ = {
			isa = PBXGroup;
			children = (
				1881BBFF1F2D015B0070C1F4 /* CommonCardTableViewCell.xib */,
				1881BC011F2D016C0070C1F4 /* CommonCardTableViewCell.swift */,
			);
			name = View;
			sourceTree = "<group>";
		};
		1881BBF41F2CFE0E0070C1F4 /* Models */ = {
			isa = PBXGroup;
			children = (
				1881BC031F2D028D0070C1F4 /* Card.swift */,
				1881BC051F2D03890070C1F4 /* Template.swift */,
				18B9C6B61F2D2CF500F7BB03 /* Person.swift */,
			);
			name = Models;
			sourceTree = "<group>";
		};
		1881BBF51F2CFE180070C1F4 /* ModelControllers */ = {
			isa = PBXGroup;
			children = (
				18B9C6B01F2D2CB900F7BB03 /* CardController.swift */,
				18B9C6B21F2D2CC100F7BB03 /* PersonController.swift */,
				18B9C6B41F2D2CCB00F7BB03 /* CloudKitController.swift */,
				18ED1F101F30F0BF00F67DB6 /* MessageController.swift */,
			);
			name = ModelControllers;
			sourceTree = "<group>";
		};
		1881BBF61F2CFE220070C1F4 /* SharedResources */ = {
			isa = PBXGroup;
			children = (
				18B9C6AE1F2D2CAC00F7BB03 /* UIViewToPNG.swift */,
				187EC0A11F2EBBA400F326E3 /* Constants.swift */,
			);
			name = SharedResources;
			sourceTree = "<group>";
		};
		188F23311F2957F8007B9F20 /* Frameworks */ = {
			isa = PBXGroup;
			children = (
				F0B3491E1F3227A2002D8163 /* CloudKit.framework */,
				188F23321F2957F8007B9F20 /* Messages.framework */,
			);
			name = Frameworks;
			sourceTree = "<group>";
		};
		188F23341F2957F8007B9F20 /* MessagesExtension */ = {
			isa = PBXGroup;
			children = (
				182B5AC61F2E834900C901E8 /* MessagesExtension.entitlements */,
				18B9C6BC1F2D307C00F7BB03 /* Storyboards */,
				18B9C6B81F2D304300F7BB03 /* View */,
				18B9C6B91F2D304F00F7BB03 /* ViewControllers */,
				18B9C6BA1F2D305700F7BB03 /* ModelControllers */,
				18B9C6BB1F2D305F00F7BB03 /* Resources */,
			);
			path = MessagesExtension;
			sourceTree = "<group>";
		};
		18B70A021F2985B5002DDB17 /* SharedExecUDek */ = {
			isa = PBXGroup;
			children = (
				1881BBF61F2CFE220070C1F4 /* SharedResources */,
				1881BBF31F2CFE010070C1F4 /* View */,
				1881BBF41F2CFE0E0070C1F4 /* Models */,
				1881BBF51F2CFE180070C1F4 /* ModelControllers */,
				18B70A031F2985B5002DDB17 /* SharedExecUDek.h */,
				18B70A041F2985B5002DDB17 /* Info.plist */,
			);
			path = SharedExecUDek;
			sourceTree = "<group>";
		};
		18B9C6B81F2D304300F7BB03 /* View */ = {
			isa = PBXGroup;
			children = (
				18B709F61F296F60002DDB17 /* EXTCardTableViewCell.swift */,
			);
			name = View;
			sourceTree = "<group>";
		};
		18B9C6B91F2D304F00F7BB03 /* ViewControllers */ = {
			isa = PBXGroup;
			children = (
				188F23351F2957F8007B9F20 /* MessagesViewController.swift */,
				18B709F81F296FA0002DDB17 /* EXTCardsCompactViewController.swift */,
				188E9E631F2FE23500598710 /* CardReceivedViewController.swift */,
			);
			name = ViewControllers;
			sourceTree = "<group>";
		};
		18B9C6BA1F2D305700F7BB03 /* ModelControllers */ = {
			isa = PBXGroup;
			children = (
			);
			name = ModelControllers;
			sourceTree = "<group>";
		};
		18B9C6BB1F2D305F00F7BB03 /* Resources */ = {
			isa = PBXGroup;
			children = (
				188F233C1F2957F8007B9F20 /* Info.plist */,
				188F233A1F2957F8007B9F20 /* Assets.xcassets */,
			);
			name = Resources;
			sourceTree = "<group>";
		};
		18B9C6BC1F2D307C00F7BB03 /* Storyboards */ = {
			isa = PBXGroup;
			children = (
				188F23371F2957F8007B9F20 /* MainInterface.storyboard */,
			);
			name = Storyboards;
			sourceTree = "<group>";
		};
		B6A28A551F27DF4300786B97 = {
			isa = PBXGroup;
			children = (
				B6A28A601F27DF4300786B97 /* ExecUDek */,
				188F23341F2957F8007B9F20 /* MessagesExtension */,
				18B70A021F2985B5002DDB17 /* SharedExecUDek */,
				188F23311F2957F8007B9F20 /* Frameworks */,
				B6A28A5F1F27DF4300786B97 /* Products */,
				1821431A1F2AB90900CCF3B5 /* Frameworks */,
			);
			sourceTree = "<group>";
		};
		B6A28A5F1F27DF4300786B97 /* Products */ = {
			isa = PBXGroup;
			children = (
				B6A28A5E1F27DF4300786B97 /* ExecUDek.app */,
				188F23301F2957F8007B9F20 /* MessagesExtension.appex */,
				18B70A011F2985B5002DDB17 /* SharedExecUDek.framework */,
			);
			name = Products;
			sourceTree = "<group>";
		};
		B6A28A601F27DF4300786B97 /* ExecUDek */ = {
			isa = PBXGroup;
			children = (
				182143191F2AB89200CCF3B5 /* ExecUDek.entitlements */,
				B6A28A9E1F290D9000786B97 /* View */,
				B6A28A991F290D4000786B97 /* Storyboards */,
				B6A28A9A1F290D5200786B97 /* Models */,
				B6A28A9D1F290D8900786B97 /* ViewControllers */,
				B6A28A9C1F290D8000786B97 /* ModelControllers */,
				B6A28A9B1F290D6600786B97 /* Resources */,
			);
			path = ExecUDek;
			sourceTree = "<group>";
		};
		B6A28A991F290D4000786B97 /* Storyboards */ = {
			isa = PBXGroup;
			children = (
				B6A28A651F27DF4300786B97 /* Main.storyboard */,
				F06281A61F28F15800106424 /* CardTemplate.storyboard */,
				B6A28A6D1F27DF4300786B97 /* LaunchScreen.storyboard */,
				188F23221F290F80007B9F20 /* CardsSceneStoryboard.storyboard */,
				F05962631F299D18002C967B /* UserProfile.storyboard */,
			);
			name = Storyboards;
			sourceTree = "<group>";
		};
		B6A28A9A1F290D5200786B97 /* Models */ = {
			isa = PBXGroup;
			children = (
				B6A28A681F27DF4300786B97 /* ExecUDek.xcdatamodeld */,
			);
			name = Models;
			sourceTree = "<group>";
		};
		B6A28A9B1F290D6600786B97 /* Resources */ = {
			isa = PBXGroup;
			children = (
				F04EDF071F2FC9CD00E8DB82 /* StringFormatter.swift */,
				B6A28A611F27DF4300786B97 /* AppDelegate.swift */,
				B6A28A6B1F27DF4300786B97 /* Assets.xcassets */,
				B6A28A701F27DF4300786B97 /* Info.plist */,
			);
			name = Resources;
			sourceTree = "<group>";
		};
		B6A28A9C1F290D8000786B97 /* ModelControllers */ = {
			isa = PBXGroup;
			children = (
			);
			name = ModelControllers;
			sourceTree = "<group>";
		};
		B6A28A9D1F290D8900786B97 /* ViewControllers */ = {
			isa = PBXGroup;
			children = (
				F003898A1F28FEED00CBEDCF /* CardTemplateTableViewController.swift */,
				188F23241F2914F7007B9F20 /* CardsViewController.swift */,
				B6A28A9F1F2925C000786B97 /* MultiPeerConnectivity.swift */,
				F05962611F299C65002C967B /* UserProfileTableViewController.swift */,
				B6459F501F314C62000DD526 /* EmailViewController.swift */,
			);
			name = ViewControllers;
			sourceTree = "<group>";
		};
		B6A28A9E1F290D9000786B97 /* View */ = {
			isa = PBXGroup;
			children = (
				F0C8BA8A1F2A383F00B9E0DA /* UserProfileTableViewCell.swift */,
				188F23261F291607007B9F20 /* CardTableViewCell.swift */,
			);
			name = View;
			sourceTree = "<group>";
		};
/* End PBXGroup section */

/* Begin PBXHeadersBuildPhase section */
		18B709FE1F2985B5002DDB17 /* Headers */ = {
			isa = PBXHeadersBuildPhase;
			buildActionMask = 2147483647;
			files = (
				18B70A051F2985B5002DDB17 /* SharedExecUDek.h in Headers */,
			);
			runOnlyForDeploymentPostprocessing = 0;
		};
/* End PBXHeadersBuildPhase section */

/* Begin PBXNativeTarget section */
		188F232F1F2957F8007B9F20 /* MessagesExtension */ = {
			isa = PBXNativeTarget;
			buildConfigurationList = 188F23421F2957F8007B9F20 /* Build configuration list for PBXNativeTarget "MessagesExtension" */;
			buildPhases = (
				188F232C1F2957F8007B9F20 /* Sources */,
				188F232D1F2957F8007B9F20 /* Frameworks */,
				188F232E1F2957F8007B9F20 /* Resources */,
			);
			buildRules = (
			);
			dependencies = (
			);
			name = MessagesExtension;
			productName = MessagesExtension;
			productReference = 188F23301F2957F8007B9F20 /* MessagesExtension.appex */;
			productType = "com.apple.product-type.app-extension.messages";
		};
		18B70A001F2985B5002DDB17 /* SharedExecUDek */ = {
			isa = PBXNativeTarget;
			buildConfigurationList = 18B70A0C1F2985B5002DDB17 /* Build configuration list for PBXNativeTarget "SharedExecUDek" */;
			buildPhases = (
				18B709FC1F2985B5002DDB17 /* Sources */,
				18B709FD1F2985B5002DDB17 /* Frameworks */,
				18B709FE1F2985B5002DDB17 /* Headers */,
				18B709FF1F2985B5002DDB17 /* Resources */,
			);
			buildRules = (
			);
			dependencies = (
			);
			name = SharedExecUDek;
			productName = SharedExecUDek;
			productReference = 18B70A011F2985B5002DDB17 /* SharedExecUDek.framework */;
			productType = "com.apple.product-type.framework";
		};
		B6A28A5D1F27DF4300786B97 /* ExecUDek */ = {
			isa = PBXNativeTarget;
			buildConfigurationList = B6A28A731F27DF4300786B97 /* Build configuration list for PBXNativeTarget "ExecUDek" */;
			buildPhases = (
				B6A28A5A1F27DF4300786B97 /* Sources */,
				B6A28A5B1F27DF4300786B97 /* Frameworks */,
				B6A28A5C1F27DF4300786B97 /* Resources */,
				188F23431F2957F8007B9F20 /* Embed App Extensions */,
				18B70A0D1F2985B5002DDB17 /* Embed Frameworks */,
			);
			buildRules = (
			);
			dependencies = (
				188F233E1F2957F8007B9F20 /* PBXTargetDependency */,
				18B70A071F2985B5002DDB17 /* PBXTargetDependency */,
			);
			name = ExecUDek;
			productName = ExecUDek;
			productReference = B6A28A5E1F27DF4300786B97 /* ExecUDek.app */;
			productType = "com.apple.product-type.application";
		};
/* End PBXNativeTarget section */

/* Begin PBXProject section */
		B6A28A561F27DF4300786B97 /* Project object */ = {
			isa = PBXProject;
			attributes = {
				LastSwiftUpdateCheck = 0830;
				LastUpgradeCheck = 0830;
				ORGANIZATIONNAME = "Collin Cannavo";
				TargetAttributes = {
					188F232F1F2957F8007B9F20 = {
						CreatedOnToolsVersion = 8.3.2;
						DevelopmentTeam = U862ZMG3CM;
						ProvisioningStyle = Automatic;
						SystemCapabilities = {
							com.apple.Push = {
								enabled = 1;
							};
							com.apple.iCloud = {
								enabled = 1;
							};
						};
					};
					18B70A001F2985B5002DDB17 = {
						CreatedOnToolsVersion = 8.3.2;
						DevelopmentTeam = U862ZMG3CM;
						LastSwiftMigration = 0830;
						ProvisioningStyle = Automatic;
					};
					B6A28A5D1F27DF4300786B97 = {
						CreatedOnToolsVersion = 8.3.3;
						DevelopmentTeam = U862ZMG3CM;
						ProvisioningStyle = Automatic;
						SystemCapabilities = {
							com.apple.Push = {
								enabled = 1;
							};
							com.apple.iCloud = {
								enabled = 1;
							};
						};
					};
				};
			};
			buildConfigurationList = B6A28A591F27DF4300786B97 /* Build configuration list for PBXProject "ExecUDek" */;
			compatibilityVersion = "Xcode 3.2";
			developmentRegion = English;
			hasScannedForEncodings = 0;
			knownRegions = (
				en,
				Base,
			);
			mainGroup = B6A28A551F27DF4300786B97;
			productRefGroup = B6A28A5F1F27DF4300786B97 /* Products */;
			projectDirPath = "";
			projectRoot = "";
			targets = (
				B6A28A5D1F27DF4300786B97 /* ExecUDek */,
				188F232F1F2957F8007B9F20 /* MessagesExtension */,
				18B70A001F2985B5002DDB17 /* SharedExecUDek */,
			);
		};
/* End PBXProject section */

/* Begin PBXResourcesBuildPhase section */
		188F232E1F2957F8007B9F20 /* Resources */ = {
			isa = PBXResourcesBuildPhase;
			buildActionMask = 2147483647;
			files = (
				188F233B1F2957F8007B9F20 /* Assets.xcassets in Resources */,
				188F23441F2959F7007B9F20 /* Assets.xcassets in Resources */,
				188F23391F2957F8007B9F20 /* MainInterface.storyboard in Resources */,
			);
			runOnlyForDeploymentPostprocessing = 0;
		};
		18B709FF1F2985B5002DDB17 /* Resources */ = {
			isa = PBXResourcesBuildPhase;
			buildActionMask = 2147483647;
			files = (
				188E9E671F2FF9DC00598710 /* Assets.xcassets in Resources */,
				1881BC001F2D015B0070C1F4 /* CommonCardTableViewCell.xib in Resources */,
			);
			runOnlyForDeploymentPostprocessing = 0;
		};
		B6A28A5C1F27DF4300786B97 /* Resources */ = {
			isa = PBXResourcesBuildPhase;
			buildActionMask = 2147483647;
			files = (
				F06281A71F28F15800106424 /* CardTemplate.storyboard in Resources */,
				B6A28A6F1F27DF4300786B97 /* LaunchScreen.storyboard in Resources */,
				B6A28A6C1F27DF4300786B97 /* Assets.xcassets in Resources */,
				F05962641F299D18002C967B /* UserProfile.storyboard in Resources */,
				188F23231F290F80007B9F20 /* CardsSceneStoryboard.storyboard in Resources */,
				B6A28A671F27DF4300786B97 /* Main.storyboard in Resources */,
			);
			runOnlyForDeploymentPostprocessing = 0;
		};
/* End PBXResourcesBuildPhase section */

/* Begin PBXSourcesBuildPhase section */
		188F232C1F2957F8007B9F20 /* Sources */ = {
			isa = PBXSourcesBuildPhase;
			buildActionMask = 2147483647;
			files = (
				188F23361F2957F8007B9F20 /* MessagesViewController.swift in Sources */,
				18B709F71F296F60002DDB17 /* EXTCardTableViewCell.swift in Sources */,
				18B709F91F296FA0002DDB17 /* EXTCardsCompactViewController.swift in Sources */,
				188E9E641F2FE23500598710 /* CardReceivedViewController.swift in Sources */,
			);
			runOnlyForDeploymentPostprocessing = 0;
		};
		18B709FC1F2985B5002DDB17 /* Sources */ = {
			isa = PBXSourcesBuildPhase;
			buildActionMask = 2147483647;
			files = (
				18B9C6B11F2D2CB900F7BB03 /* CardController.swift in Sources */,
				1881BC061F2D03890070C1F4 /* Template.swift in Sources */,
				18B9C6AF1F2D2CAC00F7BB03 /* UIViewToPNG.swift in Sources */,
				1881BC021F2D016C0070C1F4 /* CommonCardTableViewCell.swift in Sources */,
				18B9C6B51F2D2CCB00F7BB03 /* CloudKitController.swift in Sources */,
				18B9C6B31F2D2CC100F7BB03 /* PersonController.swift in Sources */,
				18B9C6B71F2D2CF500F7BB03 /* Person.swift in Sources */,
				18ED1F111F30F0BF00F67DB6 /* MessageController.swift in Sources */,
				1881BC041F2D028D0070C1F4 /* Card.swift in Sources */,
				187EC0A21F2EBBA400F326E3 /* Constants.swift in Sources */,
			);
			runOnlyForDeploymentPostprocessing = 0;
		};
		B6A28A5A1F27DF4300786B97 /* Sources */ = {
			isa = PBXSourcesBuildPhase;
			buildActionMask = 2147483647;
			files = (
				B6A28A6A1F27DF4300786B97 /* ExecUDek.xcdatamodeld in Sources */,
				B6459F4F1F314876000DD526 /* UIViewToPNG.swift in Sources */,
				188F23251F2914F7007B9F20 /* CardsViewController.swift in Sources */,
				F003898B1F28FEED00CBEDCF /* CardTemplateTableViewController.swift in Sources */,
				188F23271F291607007B9F20 /* CardTableViewCell.swift in Sources */,
				F04EDF081F2FC9CD00E8DB82 /* StringFormatter.swift in Sources */,
				F05962621F299C65002C967B /* UserProfileTableViewController.swift in Sources */,
				B6A28AA01F2925C000786B97 /* MultiPeerConnectivity.swift in Sources */,
				B6A28A621F27DF4300786B97 /* AppDelegate.swift in Sources */,
				B6459F511F314C62000DD526 /* EmailViewController.swift in Sources */,
				F0C8BA8B1F2A383F00B9E0DA /* UserProfileTableViewCell.swift in Sources */,
			);
			runOnlyForDeploymentPostprocessing = 0;
		};
/* End PBXSourcesBuildPhase section */

/* Begin PBXTargetDependency section */
		188F233E1F2957F8007B9F20 /* PBXTargetDependency */ = {
			isa = PBXTargetDependency;
			target = 188F232F1F2957F8007B9F20 /* MessagesExtension */;
			targetProxy = 188F233D1F2957F8007B9F20 /* PBXContainerItemProxy */;
		};
		18B70A071F2985B5002DDB17 /* PBXTargetDependency */ = {
			isa = PBXTargetDependency;
			target = 18B70A001F2985B5002DDB17 /* SharedExecUDek */;
			targetProxy = 18B70A061F2985B5002DDB17 /* PBXContainerItemProxy */;
		};
/* End PBXTargetDependency section */

/* Begin PBXVariantGroup section */
		188F23371F2957F8007B9F20 /* MainInterface.storyboard */ = {
			isa = PBXVariantGroup;
			children = (
				188F23381F2957F8007B9F20 /* Base */,
			);
			name = MainInterface.storyboard;
			sourceTree = "<group>";
		};
		B6A28A651F27DF4300786B97 /* Main.storyboard */ = {
			isa = PBXVariantGroup;
			children = (
				B6A28A661F27DF4300786B97 /* Base */,
			);
			name = Main.storyboard;
			sourceTree = "<group>";
		};
		B6A28A6D1F27DF4300786B97 /* LaunchScreen.storyboard */ = {
			isa = PBXVariantGroup;
			children = (
				B6A28A6E1F27DF4300786B97 /* Base */,
			);
			name = LaunchScreen.storyboard;
			sourceTree = "<group>";
		};
/* End PBXVariantGroup section */

/* Begin XCBuildConfiguration section */
		188F23401F2957F8007B9F20 /* Debug */ = {
			isa = XCBuildConfiguration;
			buildSettings = {
				ASSETCATALOG_COMPILER_APPICON_NAME = "iMessage App Icon";
				CODE_SIGN_ENTITLEMENTS = MessagesExtension/MessagesExtension.entitlements;
				DEVELOPMENT_TEAM = U862ZMG3CM;
				INFOPLIST_FILE = MessagesExtension/Info.plist;
				LD_RUNPATH_SEARCH_PATHS = "$(inherited) @executable_path/Frameworks @executable_path/../../Frameworks";
				PRODUCT_BUNDLE_IDENTIFIER = com.arnoldmukasa.ExecUDek.MessagesExtension;
				PRODUCT_NAME = "$(TARGET_NAME)";
				SKIP_INSTALL = YES;
				SWIFT_VERSION = 3.0;
			};
			name = Debug;
		};
		188F23411F2957F8007B9F20 /* Release */ = {
			isa = XCBuildConfiguration;
			buildSettings = {
				ASSETCATALOG_COMPILER_APPICON_NAME = "iMessage App Icon";
				CODE_SIGN_ENTITLEMENTS = MessagesExtension/MessagesExtension.entitlements;
				DEVELOPMENT_TEAM = U862ZMG3CM;
				INFOPLIST_FILE = MessagesExtension/Info.plist;
				LD_RUNPATH_SEARCH_PATHS = "$(inherited) @executable_path/Frameworks @executable_path/../../Frameworks";
				PRODUCT_BUNDLE_IDENTIFIER = com.arnoldmukasa.ExecUDek.MessagesExtension;
				PRODUCT_NAME = "$(TARGET_NAME)";
				SKIP_INSTALL = YES;
				SWIFT_VERSION = 3.0;
			};
			name = Release;
		};
		18B70A0A1F2985B5002DDB17 /* Debug */ = {
			isa = XCBuildConfiguration;
			buildSettings = {
				APPLICATION_EXTENSION_API_ONLY = YES;
				CLANG_ENABLE_MODULES = YES;
				CODE_SIGN_IDENTITY = "";
				CURRENT_PROJECT_VERSION = 1;
				DEFINES_MODULE = YES;
				DEVELOPMENT_TEAM = U862ZMG3CM;
				DYLIB_COMPATIBILITY_VERSION = 1;
				DYLIB_CURRENT_VERSION = 1;
				DYLIB_INSTALL_NAME_BASE = "@rpath";
				INFOPLIST_FILE = SharedExecUDek/Info.plist;
				INSTALL_PATH = "$(LOCAL_LIBRARY_DIR)/Frameworks";
				LD_RUNPATH_SEARCH_PATHS = "$(inherited) @executable_path/Frameworks @loader_path/Frameworks";
				PRODUCT_BUNDLE_IDENTIFIER = com.arnoldmukasa.SharedExecUDek;
				PRODUCT_NAME = "$(TARGET_NAME)";
				SKIP_INSTALL = YES;
				SWIFT_OPTIMIZATION_LEVEL = "-Onone";
				SWIFT_VERSION = 3.0;
				VERSIONING_SYSTEM = "apple-generic";
				VERSION_INFO_PREFIX = "";
			};
			name = Debug;
		};
		18B70A0B1F2985B5002DDB17 /* Release */ = {
			isa = XCBuildConfiguration;
			buildSettings = {
				APPLICATION_EXTENSION_API_ONLY = YES;
				CLANG_ENABLE_MODULES = YES;
				CODE_SIGN_IDENTITY = "";
				CURRENT_PROJECT_VERSION = 1;
				DEFINES_MODULE = YES;
				DEVELOPMENT_TEAM = U862ZMG3CM;
				DYLIB_COMPATIBILITY_VERSION = 1;
				DYLIB_CURRENT_VERSION = 1;
				DYLIB_INSTALL_NAME_BASE = "@rpath";
				INFOPLIST_FILE = SharedExecUDek/Info.plist;
				INSTALL_PATH = "$(LOCAL_LIBRARY_DIR)/Frameworks";
				LD_RUNPATH_SEARCH_PATHS = "$(inherited) @executable_path/Frameworks @loader_path/Frameworks";
				PRODUCT_BUNDLE_IDENTIFIER = com.arnoldmukasa.SharedExecUDek;
				PRODUCT_NAME = "$(TARGET_NAME)";
				SKIP_INSTALL = YES;
				SWIFT_VERSION = 3.0;
				VERSIONING_SYSTEM = "apple-generic";
				VERSION_INFO_PREFIX = "";
			};
			name = Release;
		};
		B6A28A711F27DF4300786B97 /* Debug */ = {
			isa = XCBuildConfiguration;
			buildSettings = {
				ALWAYS_SEARCH_USER_PATHS = NO;
				CLANG_ANALYZER_NONNULL = YES;
				CLANG_ANALYZER_NUMBER_OBJECT_CONVERSION = YES_AGGRESSIVE;
				CLANG_CXX_LANGUAGE_STANDARD = "gnu++0x";
				CLANG_CXX_LIBRARY = "libc++";
				CLANG_ENABLE_MODULES = YES;
				CLANG_ENABLE_OBJC_ARC = YES;
				CLANG_WARN_BOOL_CONVERSION = YES;
				CLANG_WARN_CONSTANT_CONVERSION = YES;
				CLANG_WARN_DIRECT_OBJC_ISA_USAGE = YES_ERROR;
				CLANG_WARN_DOCUMENTATION_COMMENTS = YES;
				CLANG_WARN_EMPTY_BODY = YES;
				CLANG_WARN_ENUM_CONVERSION = YES;
				CLANG_WARN_INFINITE_RECURSION = YES;
				CLANG_WARN_INT_CONVERSION = YES;
				CLANG_WARN_OBJC_ROOT_CLASS = YES_ERROR;
				CLANG_WARN_SUSPICIOUS_MOVE = YES;
				CLANG_WARN_UNREACHABLE_CODE = YES;
				CLANG_WARN__DUPLICATE_METHOD_MATCH = YES;
				"CODE_SIGN_IDENTITY[sdk=iphoneos*]" = "iPhone Developer";
				COPY_PHASE_STRIP = NO;
				DEBUG_INFORMATION_FORMAT = dwarf;
				ENABLE_STRICT_OBJC_MSGSEND = YES;
				ENABLE_TESTABILITY = YES;
				GCC_C_LANGUAGE_STANDARD = gnu99;
				GCC_DYNAMIC_NO_PIC = NO;
				GCC_NO_COMMON_BLOCKS = YES;
				GCC_OPTIMIZATION_LEVEL = 0;
				GCC_PREPROCESSOR_DEFINITIONS = (
					"DEBUG=1",
					"$(inherited)",
				);
				GCC_WARN_64_TO_32_BIT_CONVERSION = YES;
				GCC_WARN_ABOUT_RETURN_TYPE = YES_ERROR;
				GCC_WARN_UNDECLARED_SELECTOR = YES;
				GCC_WARN_UNINITIALIZED_AUTOS = YES_AGGRESSIVE;
				GCC_WARN_UNUSED_FUNCTION = YES;
				GCC_WARN_UNUSED_VARIABLE = YES;
				IPHONEOS_DEPLOYMENT_TARGET = 10.3;
				MTL_ENABLE_DEBUG_INFO = YES;
				ONLY_ACTIVE_ARCH = YES;
				SDKROOT = iphoneos;
				SWIFT_ACTIVE_COMPILATION_CONDITIONS = DEBUG;
				SWIFT_OPTIMIZATION_LEVEL = "-Onone";
				TARGETED_DEVICE_FAMILY = "1,2";
			};
			name = Debug;
		};
		B6A28A721F27DF4300786B97 /* Release */ = {
			isa = XCBuildConfiguration;
			buildSettings = {
				ALWAYS_SEARCH_USER_PATHS = NO;
				CLANG_ANALYZER_NONNULL = YES;
				CLANG_ANALYZER_NUMBER_OBJECT_CONVERSION = YES_AGGRESSIVE;
				CLANG_CXX_LANGUAGE_STANDARD = "gnu++0x";
				CLANG_CXX_LIBRARY = "libc++";
				CLANG_ENABLE_MODULES = YES;
				CLANG_ENABLE_OBJC_ARC = YES;
				CLANG_WARN_BOOL_CONVERSION = YES;
				CLANG_WARN_CONSTANT_CONVERSION = YES;
				CLANG_WARN_DIRECT_OBJC_ISA_USAGE = YES_ERROR;
				CLANG_WARN_DOCUMENTATION_COMMENTS = YES;
				CLANG_WARN_EMPTY_BODY = YES;
				CLANG_WARN_ENUM_CONVERSION = YES;
				CLANG_WARN_INFINITE_RECURSION = YES;
				CLANG_WARN_INT_CONVERSION = YES;
				CLANG_WARN_OBJC_ROOT_CLASS = YES_ERROR;
				CLANG_WARN_SUSPICIOUS_MOVE = YES;
				CLANG_WARN_UNREACHABLE_CODE = YES;
				CLANG_WARN__DUPLICATE_METHOD_MATCH = YES;
				"CODE_SIGN_IDENTITY[sdk=iphoneos*]" = "iPhone Developer";
				COPY_PHASE_STRIP = NO;
				DEBUG_INFORMATION_FORMAT = "dwarf-with-dsym";
				ENABLE_NS_ASSERTIONS = NO;
				ENABLE_STRICT_OBJC_MSGSEND = YES;
				GCC_C_LANGUAGE_STANDARD = gnu99;
				GCC_NO_COMMON_BLOCKS = YES;
				GCC_WARN_64_TO_32_BIT_CONVERSION = YES;
				GCC_WARN_ABOUT_RETURN_TYPE = YES_ERROR;
				GCC_WARN_UNDECLARED_SELECTOR = YES;
				GCC_WARN_UNINITIALIZED_AUTOS = YES_AGGRESSIVE;
				GCC_WARN_UNUSED_FUNCTION = YES;
				GCC_WARN_UNUSED_VARIABLE = YES;
				IPHONEOS_DEPLOYMENT_TARGET = 10.3;
				MTL_ENABLE_DEBUG_INFO = NO;
				SDKROOT = iphoneos;
				SWIFT_OPTIMIZATION_LEVEL = "-Owholemodule";
				TARGETED_DEVICE_FAMILY = "1,2";
				VALIDATE_PRODUCT = YES;
			};
			name = Release;
		};
		B6A28A741F27DF4300786B97 /* Debug */ = {
			isa = XCBuildConfiguration;
			buildSettings = {
				ALWAYS_EMBED_SWIFT_STANDARD_LIBRARIES = YES;
				ASSETCATALOG_COMPILER_APPICON_NAME = AppIcon;
				CODE_SIGN_ENTITLEMENTS = ExecUDek/ExecUDek.entitlements;
				DEVELOPMENT_TEAM = U862ZMG3CM;
				INFOPLIST_FILE = ExecUDek/Info.plist;
				LD_RUNPATH_SEARCH_PATHS = "$(inherited) @executable_path/Frameworks";
				PRODUCT_BUNDLE_IDENTIFIER = com.arnoldmukasa.ExecUDek;
				PRODUCT_NAME = "$(TARGET_NAME)";
				SWIFT_VERSION = 3.0;
			};
			name = Debug;
		};
		B6A28A751F27DF4300786B97 /* Release */ = {
			isa = XCBuildConfiguration;
			buildSettings = {
				ALWAYS_EMBED_SWIFT_STANDARD_LIBRARIES = YES;
				ASSETCATALOG_COMPILER_APPICON_NAME = AppIcon;
				CODE_SIGN_ENTITLEMENTS = ExecUDek/ExecUDek.entitlements;
				DEVELOPMENT_TEAM = U862ZMG3CM;
				INFOPLIST_FILE = ExecUDek/Info.plist;
				LD_RUNPATH_SEARCH_PATHS = "$(inherited) @executable_path/Frameworks";
				PRODUCT_BUNDLE_IDENTIFIER = com.arnoldmukasa.ExecUDek;
				PRODUCT_NAME = "$(TARGET_NAME)";
				SWIFT_VERSION = 3.0;
			};
			name = Release;
		};
/* End XCBuildConfiguration section */

/* Begin XCConfigurationList section */
		188F23421F2957F8007B9F20 /* Build configuration list for PBXNativeTarget "MessagesExtension" */ = {
			isa = XCConfigurationList;
			buildConfigurations = (
				188F23401F2957F8007B9F20 /* Debug */,
				188F23411F2957F8007B9F20 /* Release */,
			);
			defaultConfigurationIsVisible = 0;
			defaultConfigurationName = Release;
		};
		18B70A0C1F2985B5002DDB17 /* Build configuration list for PBXNativeTarget "SharedExecUDek" */ = {
			isa = XCConfigurationList;
			buildConfigurations = (
				18B70A0A1F2985B5002DDB17 /* Debug */,
				18B70A0B1F2985B5002DDB17 /* Release */,
			);
			defaultConfigurationIsVisible = 0;
			defaultConfigurationName = Release;
		};
		B6A28A591F27DF4300786B97 /* Build configuration list for PBXProject "ExecUDek" */ = {
			isa = XCConfigurationList;
			buildConfigurations = (
				B6A28A711F27DF4300786B97 /* Debug */,
				B6A28A721F27DF4300786B97 /* Release */,
			);
			defaultConfigurationIsVisible = 0;
			defaultConfigurationName = Release;
		};
		B6A28A731F27DF4300786B97 /* Build configuration list for PBXNativeTarget "ExecUDek" */ = {
			isa = XCConfigurationList;
			buildConfigurations = (
				B6A28A741F27DF4300786B97 /* Debug */,
				B6A28A751F27DF4300786B97 /* Release */,
			);
			defaultConfigurationIsVisible = 0;
			defaultConfigurationName = Release;
		};
/* End XCConfigurationList section */

/* Begin XCVersionGroup section */
		B6A28A681F27DF4300786B97 /* ExecUDek.xcdatamodeld */ = {
			isa = XCVersionGroup;
			children = (
				B6A28A691F27DF4300786B97 /* ExecUDek.xcdatamodel */,
			);
			currentVersion = B6A28A691F27DF4300786B97 /* ExecUDek.xcdatamodel */;
			path = ExecUDek.xcdatamodeld;
			sourceTree = "<group>";
			versionGroupType = wrapper.xcdatamodel;
		};
/* End XCVersionGroup section */
	};
	rootObject = B6A28A561F27DF4300786B97 /* Project object */;
}
